
Microsoft Visual Studio Solution File, Format Version 12.00
# Visual Studio Version 17
VisualStudioVersion = 17.4.33205.214
MinimumVisualStudioVersion = 10.0.40219.1
Project("{FAE04EC0-301F-11D3-BF4B-00C04F79EFBC}") = "EstructurasDeDatos.Ejercicio2", "EstructurasDeDatos.Ejercicio2\EstructurasDeDatos.Ejercicio2.csproj", "{FFDB324B-1B78-42DA-B405-42483958D333}"
EndProject
Global
	GlobalSection(SolutionConfigurationPlatforms) = preSolution
		Debug|Any CPU = Debug|Any CPU
		Release|Any CPU = Release|Any CPU
	EndGlobalSection
	GlobalSection(ProjectConfigurationPlatforms) = postSolution
		{FFDB324B-1B78-42DA-B405-42483958D333}.Debug|Any CPU.ActiveCfg = Debug|Any CPU
		{FFDB324B-1B78-42DA-B405-42483958D333}.Debug|Any CPU.Build.0 = Debug|Any CPU
		{FFDB324B-1B78-42DA-B405-42483958D333}.Release|Any CPU.ActiveCfg = Release|Any CPU
		{FFDB324B-1B78-42DA-B405-42483958D333}.Release|Any CPU.Build.0 = Release|Any CPU
	EndGlobalSection
	GlobalSection(SolutionProperties) = preSolution
		HideSolutionNode = FALSE
	EndGlobalSection
	GlobalSection(ExtensibilityGlobals) = postSolution
		SolutionGuid = {8C5D5D6E-D901-482A-A3C7-0157DA28F2F0}
	EndGlobalSection
EndGlobal
